{
  "nodes": {
    "nil": {
      "inputs": {
        "nixpkgs": "nixpkgs"
      },
      "locked": {
        "lastModified": 1751341694,
        "narHash": "sha256-zXag1+8iZC3H5yVFP7KhIi4ps9z8xKrFIkyaeXlZ7Uo=",
        "owner": "oxalica",
        "repo": "nil",
        "rev": "b043bfe1f3f4c4be4b688e24c5ae96e81f525805",
        "type": "github"
      },
      "original": {
        "owner": "oxalica",
        "repo": "nil",
        "type": "github"
      }
    },
    "nixos-hardware": {
      "locked": {
        "lastModified": 1752048960,
        "narHash": "sha256-gATnkOe37eeVwKKYCsL+OnS2gU4MmLuZFzzWCtaKLI8=",
        "owner": "nixos",
        "repo": "nixos-hardware",
        "rev": "7ced9122cff2163c6a0212b8d1ec8c33a1660806",
        "type": "github"
      },
      "original": {
        "owner": "nixos",
        "repo": "nixos-hardware",
        "type": "github"
      }
    },
    "nixpkgs": {
      "locked": {
        "lastModified": 1749619289,
        "narHash": "sha256-qX6gXVjaCXXbcn6A9eSLUf8Fm07MgPGe5ir3++y2O1Q=",
        "owner": "NixOS",
        "repo": "nixpkgs",
        "rev": "f72be405a10668b8b00937b452f2145244103ebc",
        "type": "github"
      },
      "original": {
        "owner": "NixOS",
        "ref": "nixpkgs-unstable",
        "repo": "nixpkgs",
        "type": "github"
      }
    },
    "nixpkgs-unstable": {
      "locked": {
        "lastModified": 1751984180,
        "narHash": "sha256-LwWRsENAZJKUdD3SpLluwDmdXY9F45ZEgCb0X+xgOL0=",
        "owner": "NixOS",
        "repo": "nixpkgs",
        "rev": "9807714d6944a957c2e036f84b0ff8caf9930bc0",
        "type": "github"
      },
      "original": {
        "owner": "NixOS",
        "ref": "nixos-unstable",
        "repo": "nixpkgs",
        "type": "github"
      }
    },
    "nixpkgs_2": {
      "locked": {
        "lastModified": 1751943650,
        "narHash": "sha256-7orTnNqkGGru8Je6Un6mq1T8YVVU/O5kyW4+f9C1mZQ=",
        "owner": "nixos",
        "repo": "nixpkgs",
        "rev": "88983d4b665fb491861005137ce2b11a9f89f203",
        "type": "github"
      },
      "original": {
        "owner": "nixos",
        "ref": "nixos-25.05",
        "repo": "nixpkgs",
        "type": "github"
      }
    },
    "root": {
      "inputs": {
        "nil": "nil",
        "nixos-hardware": "nixos-hardware",
        "nixpkgs": "nixpkgs_2",
        "nixpkgs-unstable": "nixpkgs-unstable"
      }
    }
  },
  "root": "root",
  "version": 7
}
